
Microsoft Visual Studio Solution File, Format Version 12.00
# Visual Studio Version 16
VisualStudioVersion = 16.6.30114.105
MinimumVisualStudioVersion = 10.0.40219.1
Project("{FAE04EC0-301F-11D3-BF4B-00C04F79EFBC}") = "frontend", "frontend\frontend.csproj", "{A7C61A16-C1DE-480C-95F9-E40CBE74B1AB}"
EndProject
Project("{FAE04EC0-301F-11D3-BF4B-00C04F79EFBC}") = "backend", "backend\backend.csproj", "{60D0B2AB-EE0D-4E3A-AFB5-E154DDEBAF94}"
EndProject
Global
	GlobalSection(SolutionConfigurationPlatforms) = preSolution
		Debug|Any CPU = Debug|Any CPU
		Debug|x64 = Debug|x64
		Debug|x86 = Debug|x86
		Release|Any CPU = Release|Any CPU
		Release|x64 = Release|x64
		Release|x86 = Release|x86
	EndGlobalSection
	GlobalSection(SolutionProperties) = preSolution
		HideSolutionNode = FALSE
	EndGlobalSection
	GlobalSection(ProjectConfigurationPlatforms) = postSolution
		{A7C61A16-C1DE-480C-95F9-E40CBE74B1AB}.Debug|Any CPU.ActiveCfg = Debug|Any CPU
		{A7C61A16-C1DE-480C-95F9-E40CBE74B1AB}.Debug|Any CPU.Build.0 = Debug|Any CPU
		{A7C61A16-C1DE-480C-95F9-E40CBE74B1AB}.Debug|x64.ActiveCfg = Debug|Any CPU
		{A7C61A16-C1DE-480C-95F9-E40CBE74B1AB}.Debug|x64.Build.0 = Debug|Any CPU
		{A7C61A16-C1DE-480C-95F9-E40CBE74B1AB}.Debug|x86.ActiveCfg = Debug|Any CPU
		{A7C61A16-C1DE-480C-95F9-E40CBE74B1AB}.Debug|x86.Build.0 = Debug|Any CPU
		{A7C61A16-C1DE-480C-95F9-E40CBE74B1AB}.Release|Any CPU.ActiveCfg = Release|Any CPU
		{A7C61A16-C1DE-480C-95F9-E40CBE74B1AB}.Release|Any CPU.Build.0 = Release|Any CPU
		{A7C61A16-C1DE-480C-95F9-E40CBE74B1AB}.Release|x64.ActiveCfg = Release|Any CPU
		{A7C61A16-C1DE-480C-95F9-E40CBE74B1AB}.Release|x64.Build.0 = Release|Any CPU
		{A7C61A16-C1DE-480C-95F9-E40CBE74B1AB}.Release|x86.ActiveCfg = Release|Any CPU
		{A7C61A16-C1DE-480C-95F9-E40CBE74B1AB}.Release|x86.Build.0 = Release|Any CPU
		{60D0B2AB-EE0D-4E3A-AFB5-E154DDEBAF94}.Debug|Any CPU.ActiveCfg = Debug|Any CPU
		{60D0B2AB-EE0D-4E3A-AFB5-E154DDEBAF94}.Debug|Any CPU.Build.0 = Debug|Any CPU
		{60D0B2AB-EE0D-4E3A-AFB5-E154DDEBAF94}.Debug|x64.ActiveCfg = Debug|Any CPU
		{60D0B2AB-EE0D-4E3A-AFB5-E154DDEBAF94}.Debug|x64.Build.0 = Debug|Any CPU
		{60D0B2AB-EE0D-4E3A-AFB5-E154DDEBAF94}.Debug|x86.ActiveCfg = Debug|Any CPU
		{60D0B2AB-EE0D-4E3A-AFB5-E154DDEBAF94}.Debug|x86.Build.0 = Debug|Any CPU
		{60D0B2AB-EE0D-4E3A-AFB5-E154DDEBAF94}.Release|Any CPU.ActiveCfg = Release|Any CPU
		{60D0B2AB-EE0D-4E3A-AFB5-E154DDEBAF94}.Release|Any CPU.Build.0 = Release|Any CPU
		{60D0B2AB-EE0D-4E3A-AFB5-E154DDEBAF94}.Release|x64.ActiveCfg = Release|Any CPU
		{60D0B2AB-EE0D-4E3A-AFB5-E154DDEBAF94}.Release|x64.Build.0 = Release|Any CPU
		{60D0B2AB-EE0D-4E3A-AFB5-E154DDEBAF94}.Release|x86.ActiveCfg = Release|Any CPU
		{60D0B2AB-EE0D-4E3A-AFB5-E154DDEBAF94}.Release|x86.Build.0 = Release|Any CPU
	EndGlobalSection
EndGlobal
